{
  "name": "plugins",
  "lockfileVersion": 2,
  "requires": true,
  "packages": {
    "": {
      "devDependencies": {
        "@types/node": "^16.9.2"
      }
    },
    "node_modules/@types/node": {
      "version": "16.9.2",
      "resolved": "https://registry.npmjs.org/@types/node/-/node-16.9.2.tgz",
      "integrity": "sha512-ZHty/hKoOLZvSz6BtP1g7tc7nUeJhoCf3flLjh8ZEv1vFKBWHXcnMbJMyN/pftSljNyy0kNW/UqI3DccnBnZ8w==",
      "dev": true
    }
  },
  "dependencies": {
    "@types/node": {
      "version": "16.9.2",
      "resolved": "https://registry.npmjs.org/@types/node/-/node-16.9.2.tgz",
      "integrity": "sha512-ZHty/hKoOLZvSz6BtP1g7tc7nUeJhoCf3flLjh8ZEv1vFKBWHXcnMbJMyN/pftSljNyy0kNW/UqI3DccnBnZ8w==",
      "dev": true
    }
  }
}
